version = 1
requires-python = ">=3.13"

[[package]]
name = "lab-instruments"
version = "0.1.0"
source = { virtual = "." }
dependencies = [
    { name = "pyserial" },
    { name = "pyvisa" },
]

[package.metadata]
requires-dist = [
    { name = "pyserial", specifier = ">=3.5" },
    { name = "pyvisa", specifier = ">=1.15.0" },
]

[[package]]
name = "pyserial"
version = "3.5"
source = { registry = "https://pypi.org/simple" }
sdist = { url = "https://files.pythonhosted.org/packages/1e/7d/ae3f0a63f41e4d2f6cb66a5b57197850f919f59e558159a4dd3a818f5082/pyserial-3.5.tar.gz", hash = "sha256:3c77e014170dfffbd816e6ffc205e9842efb10be9f58ec16d3e8675b4925cddb", size = 159125 }
wheels = [
    { url = "https://files.pythonhosted.org/packages/07/bc/587a445451b253b285629263eb51c2d8e9bcea4fc97826266d186f96f558/pyserial-3.5-py2.py3-none-any.whl", hash = "sha256:c4451db6ba391ca6ca299fb3ec7bae67a5c55dde170964c7a14ceefec02f2cf0", size = 90585 },
]

[[package]]
name = "pyvisa"
version = "1.15.0"
source = { registry = "https://pypi.org/simple" }
dependencies = [
    { name = "typing-extensions" },
]
sdist = { url = "https://files.pythonhosted.org/packages/52/04/1833acfa4ddefc5cdcfd76607f1bf494e7b7b658d890626e23026655d599/pyvisa-1.15.0.tar.gz", hash = "sha256:cec3cb91703a2849f6faa42b1ecd7689a0175baabff8ca33fce9f45934ce45e6", size = 236289 }
wheels = [
    { url = "https://files.pythonhosted.org/packages/a1/12/4979772f36acceb57664bde282fc7bd3e67f8d0ce85f2a521a05e90baaa5/pyvisa-1.15.0-py3-none-any.whl", hash = "sha256:e3ac8d9e863fbdbbe7e6d4d91401bceb7914d1c4a558a89b2cc755789f1e8309", size = 179199 },
]

[[package]]
name = "typing-extensions"
version = "4.14.0"
source = { registry = "https://pypi.org/simple" }
sdist = { url = "https://files.pythonhosted.org/packages/d1/bc/51647cd02527e87d05cb083ccc402f93e441606ff1f01739a62c8ad09ba5/typing_extensions-4.14.0.tar.gz", hash = "sha256:8676b788e32f02ab42d9e7c61324048ae4c6d844a399eebace3d4979d75ceef4", size = 107423 }
wheels = [
    { url = "https://files.pythonhosted.org/packages/69/e0/552843e0d356fbb5256d21449fa957fa4eff3bbc135a74a691ee70c7c5da/typing_extensions-4.14.0-py3-none-any.whl", hash = "sha256:a1514509136dd0b477638fc68d6a91497af5076466ad0fa6c338e44e359944af", size = 43839 },
]
